
Microsoft Visual Studio Solution File, Format Version 12.00
# Visual Studio 15
VisualStudioVersion = 15.0.28010.2046
MinimumVisualStudioVersion = 10.0.40219.1
Project("{FAE04EC0-301F-11D3-BF4B-00C04F79EFBC}") = "DTXManiaプロジェクト", "DTXManiaプロジェクト.csproj", "{81BEC512-8074-4BD1-8A3C-AC73BC7BF846}"
	ProjectSection(ProjectDependencies) = postProject
		{BCD40908-F3E2-4707-BFAA-1DD99DF6357D} = {BCD40908-F3E2-4707-BFAA-1DD99DF6357D}
	EndProjectSection
EndProject
Project("{FAE04EC0-301F-11D3-BF4B-00C04F79EFBC}") = "FDK19", "..\FDK17プロジェクト\FDK19.csproj", "{BCD40908-F3E2-4707-BFAA-1DD99DF6357D}"
	ProjectSection(ProjectDependencies) = postProject
		{41E67409-F5EC-4216-A790-2519A7B22E51} = {41E67409-F5EC-4216-A790-2519A7B22E51}
	EndProjectSection
EndProject
Project("{FAE04EC0-301F-11D3-BF4B-00C04F79EFBC}") = "libbjxa", "..\libbjxa\libbjxa.csproj", "{41E67409-F5EC-4216-A790-2519A7B22E51}"
EndProject
Global
	GlobalSection(SolutionConfigurationPlatforms) = preSolution
		Debug|Any CPU = Debug|Any CPU
		Debug|x86 = Debug|x86
		Release|Any CPU = Release|Any CPU
		Release|x86 = Release|x86
	EndGlobalSection
	GlobalSection(ProjectConfigurationPlatforms) = postSolution
		{81BEC512-8074-4BD1-8A3C-AC73BC7BF846}.Debug|Any CPU.ActiveCfg = Debug|x86
		{81BEC512-8074-4BD1-8A3C-AC73BC7BF846}.Debug|x86.ActiveCfg = Debug|x86
		{81BEC512-8074-4BD1-8A3C-AC73BC7BF846}.Debug|x86.Build.0 = Debug|x86
		{81BEC512-8074-4BD1-8A3C-AC73BC7BF846}.Release|Any CPU.ActiveCfg = Release|x86
		{81BEC512-8074-4BD1-8A3C-AC73BC7BF846}.Release|x86.ActiveCfg = Release|x86
		{81BEC512-8074-4BD1-8A3C-AC73BC7BF846}.Release|x86.Build.0 = Release|x86
		{BCD40908-F3E2-4707-BFAA-1DD99DF6357D}.Debug|Any CPU.ActiveCfg = Debug|x86
		{BCD40908-F3E2-4707-BFAA-1DD99DF6357D}.Debug|x86.ActiveCfg = Debug|x86
		{BCD40908-F3E2-4707-BFAA-1DD99DF6357D}.Debug|x86.Build.0 = Debug|x86
		{BCD40908-F3E2-4707-BFAA-1DD99DF6357D}.Release|Any CPU.ActiveCfg = Release|x86
		{BCD40908-F3E2-4707-BFAA-1DD99DF6357D}.Release|x86.ActiveCfg = Release|x86
		{BCD40908-F3E2-4707-BFAA-1DD99DF6357D}.Release|x86.Build.0 = Release|x86
		{41E67409-F5EC-4216-A790-2519A7B22E51}.Debug|Any CPU.ActiveCfg = Debug|Any CPU
		{41E67409-F5EC-4216-A790-2519A7B22E51}.Debug|Any CPU.Build.0 = Debug|Any CPU
		{41E67409-F5EC-4216-A790-2519A7B22E51}.Debug|x86.ActiveCfg = Debug|Any CPU
		{41E67409-F5EC-4216-A790-2519A7B22E51}.Debug|x86.Build.0 = Debug|Any CPU
		{41E67409-F5EC-4216-A790-2519A7B22E51}.Release|Any CPU.ActiveCfg = Release|Any CPU
		{41E67409-F5EC-4216-A790-2519A7B22E51}.Release|Any CPU.Build.0 = Release|Any CPU
		{41E67409-F5EC-4216-A790-2519A7B22E51}.Release|x86.ActiveCfg = Release|Any CPU
		{41E67409-F5EC-4216-A790-2519A7B22E51}.Release|x86.Build.0 = Release|Any CPU
	EndGlobalSection
	GlobalSection(SolutionProperties) = preSolution
		HideSolutionNode = FALSE
	EndGlobalSection
	GlobalSection(ExtensibilityGlobals) = postSolution
		SolutionGuid = {313250C9-2981-4C2C-B8E9-C3997C802088}
	EndGlobalSection
EndGlobal
